
Microsoft Visual Studio Solution File, Format Version 12.00
# Visual Studio 15
VisualStudioVersion = 15.0.28010.2050
MinimumVisualStudioVersion = 10.0.40219.1
Project("{2150E333-8FDC-42A3-9474-1A3956D46DE8}") = "hyoungjw", "hyoungjw", "{7FF2ED69-EB6B-4645-99C9-E8724D283FBB}"
EndProject
Project("{2150E333-8FDC-42A3-9474-1A3956D46DE8}") = "messla", "messla", "{F0BCAE83-D00C-45AB-A1BF-A9A88DE9D560}"
EndProject
Project("{2150E333-8FDC-42A3-9474-1A3956D46DE8}") = "lee0215", "lee0215", "{B7E17F28-3809-4527-98D2-F3098DA4ACCF}"
EndProject
Project("{2150E333-8FDC-42A3-9474-1A3956D46DE8}") = "01. 25 Mar", "01. 25 Mar", "{31F1CF80-F8AE-4A6A-A649-96806DA849F0}"
EndProject
Project("{FAE04EC0-301F-11D3-BF4B-00C04F79EFBC}") = "Practice_2231", "lee0215\01. 25 Mar\Practice_2231\Practice_2231.csproj", "{559A1322-4BA8-4306-83EE-B81B547C70E4}"
EndProject
Project("{FAE04EC0-301F-11D3-BF4B-00C04F79EFBC}") = "Practice_7568", "lee0215\01. 25 Mar\Practice_7568\Practice_7568.csproj", "{14B773A1-54D0-4E54-89F8-97906DF3E7F6}"
EndProject
Project("{FAE04EC0-301F-11D3-BF4B-00C04F79EFBC}") = "BaekJoon", "messla\BaekJoon\BaekJoon.csproj", "{5E1FE874-FB2F-49DA-A69D-93EDDE42EC5A}"
EndProject
Global
	GlobalSection(SolutionConfigurationPlatforms) = preSolution
		Debug|Any CPU = Debug|Any CPU
		Release|Any CPU = Release|Any CPU
	EndGlobalSection
	GlobalSection(ProjectConfigurationPlatforms) = postSolution
		{559A1322-4BA8-4306-83EE-B81B547C70E4}.Debug|Any CPU.ActiveCfg = Debug|Any CPU
		{559A1322-4BA8-4306-83EE-B81B547C70E4}.Debug|Any CPU.Build.0 = Debug|Any CPU
		{559A1322-4BA8-4306-83EE-B81B547C70E4}.Release|Any CPU.ActiveCfg = Release|Any CPU
		{559A1322-4BA8-4306-83EE-B81B547C70E4}.Release|Any CPU.Build.0 = Release|Any CPU
		{14B773A1-54D0-4E54-89F8-97906DF3E7F6}.Debug|Any CPU.ActiveCfg = Debug|Any CPU
		{14B773A1-54D0-4E54-89F8-97906DF3E7F6}.Debug|Any CPU.Build.0 = Debug|Any CPU
		{14B773A1-54D0-4E54-89F8-97906DF3E7F6}.Release|Any CPU.ActiveCfg = Release|Any CPU
		{14B773A1-54D0-4E54-89F8-97906DF3E7F6}.Release|Any CPU.Build.0 = Release|Any CPU
		{5E1FE874-FB2F-49DA-A69D-93EDDE42EC5A}.Debug|Any CPU.ActiveCfg = Debug|Any CPU
		{5E1FE874-FB2F-49DA-A69D-93EDDE42EC5A}.Debug|Any CPU.Build.0 = Debug|Any CPU
		{5E1FE874-FB2F-49DA-A69D-93EDDE42EC5A}.Release|Any CPU.ActiveCfg = Release|Any CPU
		{5E1FE874-FB2F-49DA-A69D-93EDDE42EC5A}.Release|Any CPU.Build.0 = Release|Any CPU
	EndGlobalSection
	GlobalSection(SolutionProperties) = preSolution
		HideSolutionNode = FALSE
	EndGlobalSection
	GlobalSection(NestedProjects) = preSolution
		{31F1CF80-F8AE-4A6A-A649-96806DA849F0} = {B7E17F28-3809-4527-98D2-F3098DA4ACCF}
		{559A1322-4BA8-4306-83EE-B81B547C70E4} = {31F1CF80-F8AE-4A6A-A649-96806DA849F0}
		{14B773A1-54D0-4E54-89F8-97906DF3E7F6} = {31F1CF80-F8AE-4A6A-A649-96806DA849F0}
		{5E1FE874-FB2F-49DA-A69D-93EDDE42EC5A} = {F0BCAE83-D00C-45AB-A1BF-A9A88DE9D560}
	EndGlobalSection
	GlobalSection(ExtensibilityGlobals) = postSolution
		SolutionGuid = {8466D71E-1B1F-435B-9259-3AB7D40EC4EB}
	EndGlobalSection
EndGlobal
